
Microsoft Visual Studio Solution File, Format Version 12.00
# Visual Studio 14
VisualStudioVersion = 14.0.25420.1
MinimumVisualStudioVersion = 10.0.40219.1
Project("{FAE04EC0-301F-11D3-BF4B-00C04F79EFBC}") = "SW.Common", "SW.Common\SW.Common.csproj", "{FCBD94D2-EC00-4A7F-96F9-F691277000E6}"
EndProject
Project("{FAE04EC0-301F-11D3-BF4B-00C04F79EFBC}") = "SW.Service", "SW.Service\SW.Service.csproj", "{3B3D459E-81DC-4CA5-8F91-3E2460A9DD24}"
EndProject
Project("{FAE04EC0-301F-11D3-BF4B-00C04F79EFBC}") = "SW.UnitTest", "SW.UnitTest\SW.UnitTest.csproj", "{3538ED86-F2BC-495A-AC56-531DA13E25E0}"
EndProject
Project("{FAE04EC0-301F-11D3-BF4B-00C04F79EFBC}") = "SW.Web", "SW.Web\SW.Web.csproj", "{6FC5C4D7-FAE1-4819-80A4-129A14986C05}"
EndProject
Project("{FAE04EC0-301F-11D3-BF4B-00C04F79EFBC}") = "SW.Data", "SW.Data\SW.Data.csproj", "{56F0361E-76ED-4AD6-98F7-137D81FF9311}"
EndProject
Project("{FAE04EC0-301F-11D3-BF4B-00C04F79EFBC}") = "SW.Model", "SW.Model\SW.Model.csproj", "{3ED16B46-F5C8-4FC2-BAAF-D1B9AC5DC5E9}"
EndProject
Global
	GlobalSection(SolutionConfigurationPlatforms) = preSolution
		Debug|Any CPU = Debug|Any CPU
		Release|Any CPU = Release|Any CPU
	EndGlobalSection
	GlobalSection(ProjectConfigurationPlatforms) = postSolution
		{FCBD94D2-EC00-4A7F-96F9-F691277000E6}.Debug|Any CPU.ActiveCfg = Debug|Any CPU
		{FCBD94D2-EC00-4A7F-96F9-F691277000E6}.Debug|Any CPU.Build.0 = Debug|Any CPU
		{FCBD94D2-EC00-4A7F-96F9-F691277000E6}.Release|Any CPU.ActiveCfg = Release|Any CPU
		{FCBD94D2-EC00-4A7F-96F9-F691277000E6}.Release|Any CPU.Build.0 = Release|Any CPU
		{3B3D459E-81DC-4CA5-8F91-3E2460A9DD24}.Debug|Any CPU.ActiveCfg = Debug|Any CPU
		{3B3D459E-81DC-4CA5-8F91-3E2460A9DD24}.Debug|Any CPU.Build.0 = Debug|Any CPU
		{3B3D459E-81DC-4CA5-8F91-3E2460A9DD24}.Release|Any CPU.ActiveCfg = Release|Any CPU
		{3B3D459E-81DC-4CA5-8F91-3E2460A9DD24}.Release|Any CPU.Build.0 = Release|Any CPU
		{3538ED86-F2BC-495A-AC56-531DA13E25E0}.Debug|Any CPU.ActiveCfg = Debug|Any CPU
		{3538ED86-F2BC-495A-AC56-531DA13E25E0}.Debug|Any CPU.Build.0 = Debug|Any CPU
		{3538ED86-F2BC-495A-AC56-531DA13E25E0}.Release|Any CPU.ActiveCfg = Release|Any CPU
		{3538ED86-F2BC-495A-AC56-531DA13E25E0}.Release|Any CPU.Build.0 = Release|Any CPU
		{6FC5C4D7-FAE1-4819-80A4-129A14986C05}.Debug|Any CPU.ActiveCfg = Debug|Any CPU
		{6FC5C4D7-FAE1-4819-80A4-129A14986C05}.Debug|Any CPU.Build.0 = Debug|Any CPU
		{6FC5C4D7-FAE1-4819-80A4-129A14986C05}.Release|Any CPU.ActiveCfg = Release|Any CPU
		{6FC5C4D7-FAE1-4819-80A4-129A14986C05}.Release|Any CPU.Build.0 = Release|Any CPU
		{56F0361E-76ED-4AD6-98F7-137D81FF9311}.Debug|Any CPU.ActiveCfg = Debug|Any CPU
		{56F0361E-76ED-4AD6-98F7-137D81FF9311}.Debug|Any CPU.Build.0 = Debug|Any CPU
		{56F0361E-76ED-4AD6-98F7-137D81FF9311}.Release|Any CPU.ActiveCfg = Release|Any CPU
		{56F0361E-76ED-4AD6-98F7-137D81FF9311}.Release|Any CPU.Build.0 = Release|Any CPU
		{3ED16B46-F5C8-4FC2-BAAF-D1B9AC5DC5E9}.Debug|Any CPU.ActiveCfg = Debug|Any CPU
		{3ED16B46-F5C8-4FC2-BAAF-D1B9AC5DC5E9}.Debug|Any CPU.Build.0 = Debug|Any CPU
		{3ED16B46-F5C8-4FC2-BAAF-D1B9AC5DC5E9}.Release|Any CPU.ActiveCfg = Release|Any CPU
		{3ED16B46-F5C8-4FC2-BAAF-D1B9AC5DC5E9}.Release|Any CPU.Build.0 = Release|Any CPU
	EndGlobalSection
	GlobalSection(SolutionProperties) = preSolution
		HideSolutionNode = FALSE
	EndGlobalSection
EndGlobal
